
Microsoft Visual Studio Solution File, Format Version 12.00
# Visual Studio 15
VisualStudioVersion = 15.0.26403.0
MinimumVisualStudioVersion = 10.0.40219.1
Project("{FAE04EC0-301F-11D3-BF4B-00C04F79EFBC}") = "DiceScorer", "DiceScorer.csproj", "{9859F8A9-ACFA-4FB5-B9F3-BE12C319EADF}"
EndProject
Global
	GlobalSection(SolutionConfigurationPlatforms) = preSolution
		Debug|Any CPU = Debug|Any CPU
		Release|Any CPU = Release|Any CPU
	EndGlobalSection
	GlobalSection(ProjectConfigurationPlatforms) = postSolution
		{9859F8A9-ACFA-4FB5-B9F3-BE12C319EADF}.Debug|Any CPU.ActiveCfg = Debug|Any CPU
		{9859F8A9-ACFA-4FB5-B9F3-BE12C319EADF}.Debug|Any CPU.Build.0 = Debug|Any CPU
		{9859F8A9-ACFA-4FB5-B9F3-BE12C319EADF}.Release|Any CPU.ActiveCfg = Release|Any CPU
		{9859F8A9-ACFA-4FB5-B9F3-BE12C319EADF}.Release|Any CPU.Build.0 = Release|Any CPU
	EndGlobalSection
	GlobalSection(SolutionProperties) = preSolution
		HideSolutionNode = FALSE
	EndGlobalSection
EndGlobal
